
Microsoft Visual Studio Solution File, Format Version 12.00
# Visual Studio Version 17
VisualStudioVersion = 17.9.34728.123
MinimumVisualStudioVersion = 10.0.40219.1
Project("{2150E333-8FDC-42A3-9474-1A3956D46DE8}") = "src", "src", "{F9D6D202-5360-4783-B61F-E1658CF8AE48}"
EndProject
Project("{2150E333-8FDC-42A3-9474-1A3956D46DE8}") = "tests", "tests", "{1A9CE000-D426-45EB-B644-2CE4A0F614FB}"
EndProject
Project("{FAE04EC0-301F-11D3-BF4B-00C04F79EFBC}") = "CashFlow.Api", "src\CashFlow.Api\CashFlow.Api.csproj", "{6CCB337F-15EA-496D-8051-191B01BCC630}"
EndProject
Project("{FAE04EC0-301F-11D3-BF4B-00C04F79EFBC}") = "CashFlow.Domain", "src\CashFlow.Domain\CashFlow.Domain.csproj", "{26D5BE52-2EB1-4967-9D1C-522C4A325978}"
EndProject
Project("{FAE04EC0-301F-11D3-BF4B-00C04F79EFBC}") = "CashFlow.Application", "src\CashFlow.Application\CashFlow.Application.csproj", "{48E3A786-C651-4AD4-BB5A-5110D849DA96}"
EndProject
Project("{FAE04EC0-301F-11D3-BF4B-00C04F79EFBC}") = "CashFlow.Communication", "src\CashFlow.Communication\CashFlow.Communication.csproj", "{4DFBDEBC-C30D-4EE5-AEEB-EC0F74096232}"
EndProject
Project("{FAE04EC0-301F-11D3-BF4B-00C04F79EFBC}") = "CashFlow.Exception", "src\CashFlow.Exception\CashFlow.Exception.csproj", "{53995A43-8570-4460-9037-89BF6FB3EBCB}"
EndProject
Project("{FAE04EC0-301F-11D3-BF4B-00C04F79EFBC}") = "CashFlow.Infrastructure", "src\CashFlow.Infrastructure\CashFlow.Infrastructure.csproj", "{85AE96E0-7DEF-453F-A1E2-84ACFDDDB560}"
EndProject
Project("{FAE04EC0-301F-11D3-BF4B-00C04F79EFBC}") = "Validators.Tests", "tests\Validators.Tests\Validators.Tests.csproj", "{D1BB74F2-5675-4AED-9BB8-50F9DCFF0BE3}"
EndProject
Project("{FAE04EC0-301F-11D3-BF4B-00C04F79EFBC}") = "CommonTestUtilities", "tests\CommonTestUtilities\CommonTestUtilities.csproj", "{1E279452-686B-41CA-8C26-BFFA44E6721E}"
EndProject
Global
	GlobalSection(SolutionConfigurationPlatforms) = preSolution
		Debug|Any CPU = Debug|Any CPU
		Release|Any CPU = Release|Any CPU
	EndGlobalSection
	GlobalSection(ProjectConfigurationPlatforms) = postSolution
		{6CCB337F-15EA-496D-8051-191B01BCC630}.Debug|Any CPU.ActiveCfg = Debug|Any CPU
		{6CCB337F-15EA-496D-8051-191B01BCC630}.Debug|Any CPU.Build.0 = Debug|Any CPU
		{6CCB337F-15EA-496D-8051-191B01BCC630}.Release|Any CPU.ActiveCfg = Release|Any CPU
		{6CCB337F-15EA-496D-8051-191B01BCC630}.Release|Any CPU.Build.0 = Release|Any CPU
		{26D5BE52-2EB1-4967-9D1C-522C4A325978}.Debug|Any CPU.ActiveCfg = Debug|Any CPU
		{26D5BE52-2EB1-4967-9D1C-522C4A325978}.Debug|Any CPU.Build.0 = Debug|Any CPU
		{26D5BE52-2EB1-4967-9D1C-522C4A325978}.Release|Any CPU.ActiveCfg = Release|Any CPU
		{26D5BE52-2EB1-4967-9D1C-522C4A325978}.Release|Any CPU.Build.0 = Release|Any CPU
		{48E3A786-C651-4AD4-BB5A-5110D849DA96}.Debug|Any CPU.ActiveCfg = Debug|Any CPU
		{48E3A786-C651-4AD4-BB5A-5110D849DA96}.Debug|Any CPU.Build.0 = Debug|Any CPU
		{48E3A786-C651-4AD4-BB5A-5110D849DA96}.Release|Any CPU.ActiveCfg = Release|Any CPU
		{48E3A786-C651-4AD4-BB5A-5110D849DA96}.Release|Any CPU.Build.0 = Release|Any CPU
		{4DFBDEBC-C30D-4EE5-AEEB-EC0F74096232}.Debug|Any CPU.ActiveCfg = Debug|Any CPU
		{4DFBDEBC-C30D-4EE5-AEEB-EC0F74096232}.Debug|Any CPU.Build.0 = Debug|Any CPU
		{4DFBDEBC-C30D-4EE5-AEEB-EC0F74096232}.Release|Any CPU.ActiveCfg = Release|Any CPU
		{4DFBDEBC-C30D-4EE5-AEEB-EC0F74096232}.Release|Any CPU.Build.0 = Release|Any CPU
		{53995A43-8570-4460-9037-89BF6FB3EBCB}.Debug|Any CPU.ActiveCfg = Debug|Any CPU
		{53995A43-8570-4460-9037-89BF6FB3EBCB}.Debug|Any CPU.Build.0 = Debug|Any CPU
		{53995A43-8570-4460-9037-89BF6FB3EBCB}.Release|Any CPU.ActiveCfg = Release|Any CPU
		{53995A43-8570-4460-9037-89BF6FB3EBCB}.Release|Any CPU.Build.0 = Release|Any CPU
		{85AE96E0-7DEF-453F-A1E2-84ACFDDDB560}.Debug|Any CPU.ActiveCfg = Debug|Any CPU
		{85AE96E0-7DEF-453F-A1E2-84ACFDDDB560}.Debug|Any CPU.Build.0 = Debug|Any CPU
		{85AE96E0-7DEF-453F-A1E2-84ACFDDDB560}.Release|Any CPU.ActiveCfg = Release|Any CPU
		{85AE96E0-7DEF-453F-A1E2-84ACFDDDB560}.Release|Any CPU.Build.0 = Release|Any CPU
		{D1BB74F2-5675-4AED-9BB8-50F9DCFF0BE3}.Debug|Any CPU.ActiveCfg = Debug|Any CPU
		{D1BB74F2-5675-4AED-9BB8-50F9DCFF0BE3}.Debug|Any CPU.Build.0 = Debug|Any CPU
		{D1BB74F2-5675-4AED-9BB8-50F9DCFF0BE3}.Release|Any CPU.ActiveCfg = Release|Any CPU
		{D1BB74F2-5675-4AED-9BB8-50F9DCFF0BE3}.Release|Any CPU.Build.0 = Release|Any CPU
		{1E279452-686B-41CA-8C26-BFFA44E6721E}.Debug|Any CPU.ActiveCfg = Debug|Any CPU
		{1E279452-686B-41CA-8C26-BFFA44E6721E}.Debug|Any CPU.Build.0 = Debug|Any CPU
		{1E279452-686B-41CA-8C26-BFFA44E6721E}.Release|Any CPU.ActiveCfg = Release|Any CPU
		{1E279452-686B-41CA-8C26-BFFA44E6721E}.Release|Any CPU.Build.0 = Release|Any CPU
	EndGlobalSection
	GlobalSection(SolutionProperties) = preSolution
		HideSolutionNode = FALSE
	EndGlobalSection
	GlobalSection(NestedProjects) = preSolution
		{6CCB337F-15EA-496D-8051-191B01BCC630} = {F9D6D202-5360-4783-B61F-E1658CF8AE48}
		{26D5BE52-2EB1-4967-9D1C-522C4A325978} = {F9D6D202-5360-4783-B61F-E1658CF8AE48}
		{48E3A786-C651-4AD4-BB5A-5110D849DA96} = {F9D6D202-5360-4783-B61F-E1658CF8AE48}
		{4DFBDEBC-C30D-4EE5-AEEB-EC0F74096232} = {F9D6D202-5360-4783-B61F-E1658CF8AE48}
		{53995A43-8570-4460-9037-89BF6FB3EBCB} = {F9D6D202-5360-4783-B61F-E1658CF8AE48}
		{85AE96E0-7DEF-453F-A1E2-84ACFDDDB560} = {F9D6D202-5360-4783-B61F-E1658CF8AE48}
		{D1BB74F2-5675-4AED-9BB8-50F9DCFF0BE3} = {1A9CE000-D426-45EB-B644-2CE4A0F614FB}
		{1E279452-686B-41CA-8C26-BFFA44E6721E} = {1A9CE000-D426-45EB-B644-2CE4A0F614FB}
	EndGlobalSection
	GlobalSection(ExtensibilityGlobals) = postSolution
		SolutionGuid = {48E87F91-D97E-4380-9329-8BE075579A79}
	EndGlobalSection
EndGlobal
